{
  "version": 4,
  "terraform_version": "1.7.5",
  "serial": 25,
  "lineage": "ce0aa9db-47ab-87fc-cc8d-9561ad8bcfb8",
  "outputs": {
    "WordPress_URL": {
      "value": "wp-alb-2022114967.us-east-1.elb.amazonaws.com/wp-admin/install.php",
      "type": "string"
    }
  },
  "resources": [
    {
      "mode": "managed",
      "type": "aws_autoscaling_group",
      "name": "wp_asg",
      "provider": "provider[\"registry.terraform.io/hashicorp/aws\"]",
      "instances": [
        {
          "schema_version": 1,
          "attributes": {
            "arn": "arn:aws:autoscaling:us-east-1:590183833082:autoScalingGroup:2238f1a9-b026-42fe-99e3-9cd4bf698e74:autoScalingGroupName/wp-asg-20240330064548718900000008",
            "availability_zones": [
              "us-east-1a",
              "us-east-1b"
            ],
            "capacity_rebalance": false,
            "context": "",
            "default_cooldown": 300,
            "default_instance_warmup": 0,
            "desired_capacity": 2,
            "desired_capacity_type": "",
            "enabled_metrics": null,
            "force_delete": false,
            "force_delete_warm_pool": false,
            "health_check_grace_period": 300,
            "health_check_type": "ELB",
            "id": "wp-asg-20240330064548718900000008",
            "ignore_failed_scaling_activities": false,
            "initial_lifecycle_hook": [],
            "instance_maintenance_policy": [],
            "instance_refresh": [],
            "launch_configuration": "",
            "launch_template": [
              {
                "id": "lt-0f901d83ff1d0aa30",
                "name": "wp-launch-template-20240330064547566300000005",
                "version": "$Latest"
              }
            ],
            "load_balancers": [],
            "max_instance_lifetime": 0,
            "max_size": 5,
            "metrics_granularity": "1Minute",
            "min_elb_capacity": null,
            "min_size": 2,
            "mixed_instances_policy": [],
            "name": "wp-asg-20240330064548718900000008",
            "name_prefix": "wp-asg-",
            "placement_group": "",
            "predicted_capacity": 0,
            "protect_from_scale_in": false,
            "service_linked_role_arn": "arn:aws:iam::590183833082:role/aws-service-role/autoscaling.amazonaws.com/AWSServiceRoleForAutoScaling",
            "suspended_processes": null,
            "tag": [
              {
                "key": "Name",
                "propagate_at_launch": true,
                "value": "wp-instance"
              }
            ],
            "target_group_arns": [
              "arn:aws:elasticloadbalancing:us-east-1:590183833082:targetgroup/wp-alb-tg/cc768625d7ee3e1f"
            ],
            "termination_policies": null,
            "timeouts": null,
            "traffic_source": [
              {
                "identifier": "arn:aws:elasticloadbalancing:us-east-1:590183833082:targetgroup/wp-alb-tg/cc768625d7ee3e1f",
                "type": "elbv2"
              }
            ],
            "vpc_zone_identifier": [
              "subnet-0a4626fad57f8e092",
              "subnet-0b94d8b4c546d34b7"
            ],
            "wait_for_capacity_timeout": "10m",
            "wait_for_elb_capacity": null,
            "warm_pool": [],
            "warm_pool_size": 0
          },
          "sensitive_attributes": [],
          "private": "eyJlMmJmYjczMC1lY2FhLTExZTYtOGY4OC0zNDM2M2JjN2M0YzAiOnsiZGVsZXRlIjo2MDAwMDAwMDAwMDAsInVwZGF0ZSI6NjAwMDAwMDAwMDAwfSwic2NoZW1hX3ZlcnNpb24iOiIxIn0=",
          "dependencies": [
            "aws_launch_template.wp_lt",
            "aws_lb_target_group.wp_alb_tg",
            "aws_security_group.wp_sg",
            "aws_subnet.wp_subnet1",
            "aws_subnet.wp_subnet2",
            "aws_vpc.wp_vpc"
          ],
          "create_before_destroy": true
        }
      ]
    },
    {
      "mode": "managed",
      "type": "aws_db_subnet_group",
      "name": "wp_db_subnet_group",
      "provider": "provider[\"registry.terraform.io/hashicorp/aws\"]",
      "instances": [
        {
          "schema_version": 0,
          "attributes": {
            "arn": "arn:aws:rds:us-east-1:590183833082:subgrp:wpdbsubnetgroup",
            "description": "Managed by Terraform",
            "id": "wpdbsubnetgroup",
            "name": "wpdbsubnetgroup",
            "name_prefix": "",
            "subnet_ids": [
              "subnet-0a4626fad57f8e092",
              "subnet-0b94d8b4c546d34b7"
            ],
            "supported_network_types": [
              "IPV4"
            ],
            "tags": {
              "Name": "MyWPDBSubnetGroup"
            },
            "tags_all": {
              "Name": "MyWPDBSubnetGroup"
            },
            "vpc_id": "vpc-0c121bf60ff486bac"
          },
          "sensitive_attributes": [],
          "private": "bnVsbA==",
          "dependencies": [
            "aws_subnet.wp_subnet1",
            "aws_subnet.wp_subnet2",
            "aws_vpc.wp_vpc"
          ]
        }
      ]
    },
    {
      "mode": "managed",
      "type": "aws_efs_file_system",
      "name": "wp_efs",
      "provider": "provider[\"registry.terraform.io/hashicorp/aws\"]",
      "instances": [
        {
          "schema_version": 0,
          "attributes": {
            "arn": "arn:aws:elasticfilesystem:us-east-1:590183833082:file-system/fs-016a785653f54d8df",
            "availability_zone_id": "",
            "availability_zone_name": "",
            "creation_token": "wp_efs",
            "dns_name": "fs-016a785653f54d8df.efs.us-east-1.amazonaws.com",
            "encrypted": false,
            "id": "fs-016a785653f54d8df",
            "kms_key_id": "",
            "lifecycle_policy": [],
            "name": "wpEFS",
            "number_of_mount_targets": 0,
            "owner_id": "590183833082",
            "performance_mode": "generalPurpose",
            "protection": [
              {
                "replication_overwrite": "ENABLED"
              }
            ],
            "provisioned_throughput_in_mibps": 0,
            "size_in_bytes": [
              {
                "value": 6144,
                "value_in_ia": 0,
                "value_in_standard": 6144
              }
            ],
            "tags": {
              "Name": "wpEFS"
            },
            "tags_all": {
              "Name": "wpEFS"
            },
            "throughput_mode": "bursting"
          },
          "sensitive_attributes": [],
          "private": "bnVsbA=="
        }
      ]
    },
    {
      "mode": "managed",
      "type": "aws_efs_mount_target",
      "name": "wp_efs_mt1",
      "provider": "provider[\"registry.terraform.io/hashicorp/aws\"]",
      "instances": [
        {
          "schema_version": 0,
          "attributes": {
            "availability_zone_id": "use1-az6",
            "availability_zone_name": "us-east-1a",
            "dns_name": "fs-016a785653f54d8df.efs.us-east-1.amazonaws.com",
            "file_system_arn": "arn:aws:elasticfilesystem:us-east-1:590183833082:file-system/fs-016a785653f54d8df",
            "file_system_id": "fs-016a785653f54d8df",
            "id": "fsmt-074b7e64fb705fee0",
            "ip_address": "10.0.1.168",
            "mount_target_dns_name": "us-east-1a.fs-016a785653f54d8df.efs.us-east-1.amazonaws.com",
            "network_interface_id": "eni-029f91e82e366ec79",
            "owner_id": "590183833082",
            "security_groups": [
              "sg-09ff3a39e94cf39b3"
            ],
            "subnet_id": "subnet-0a4626fad57f8e092",
            "timeouts": null
          },
          "sensitive_attributes": [],
          "private": "eyJlMmJmYjczMC1lY2FhLTExZTYtOGY4OC0zNDM2M2JjN2M0YzAiOnsiY3JlYXRlIjoxODAwMDAwMDAwMDAwLCJkZWxldGUiOjYwMDAwMDAwMDAwMH19",
          "dependencies": [
            "aws_efs_file_system.wp_efs",
            "aws_security_group.wp_sg",
            "aws_subnet.wp_subnet1",
            "aws_vpc.wp_vpc"
          ]
        }
      ]
    },
    {
      "mode": "managed",
      "type": "aws_efs_mount_target",
      "name": "wp_efs_mt2",
      "provider": "provider[\"registry.terraform.io/hashicorp/aws\"]",
      "instances": [
        {
          "schema_version": 0,
          "attributes": {
            "availability_zone_id": "use1-az1",
            "availability_zone_name": "us-east-1b",
            "dns_name": "fs-016a785653f54d8df.efs.us-east-1.amazonaws.com",
            "file_system_arn": "arn:aws:elasticfilesystem:us-east-1:590183833082:file-system/fs-016a785653f54d8df",
            "file_system_id": "fs-016a785653f54d8df",
            "id": "fsmt-0edd26783d1f533d7",
            "ip_address": "10.0.2.241",
            "mount_target_dns_name": "us-east-1b.fs-016a785653f54d8df.efs.us-east-1.amazonaws.com",
            "network_interface_id": "eni-0ddbd04d6937eafe1",
            "owner_id": "590183833082",
            "security_groups": [
              "sg-09ff3a39e94cf39b3"
            ],
            "subnet_id": "subnet-0b94d8b4c546d34b7",
            "timeouts": null
          },
          "sensitive_attributes": [],
          "private": "eyJlMmJmYjczMC1lY2FhLTExZTYtOGY4OC0zNDM2M2JjN2M0YzAiOnsiY3JlYXRlIjoxODAwMDAwMDAwMDAwLCJkZWxldGUiOjYwMDAwMDAwMDAwMH19",
          "dependencies": [
            "aws_efs_file_system.wp_efs",
            "aws_security_group.wp_sg",
            "aws_subnet.wp_subnet2",
            "aws_vpc.wp_vpc"
          ]
        }
      ]
    },
    {
      "mode": "managed",
      "type": "aws_iam_policy",
      "name": "terraform_policy",
      "provider": "provider[\"registry.terraform.io/hashicorp/aws\"]",
      "instances": [
        {
          "schema_version": 0,
          "attributes": {
            "arn": "arn:aws:iam::590183833082:policy/TerraformELBEC2Policy",
            "description": "IAM policy for managing ELB and EC2 ENIs",
            "id": "arn:aws:iam::590183833082:policy/TerraformELBEC2Policy",
            "name": "TerraformELBEC2Policy",
            "name_prefix": "",
            "path": "/",
            "policy": "{\"Statement\":[{\"Action\":[\"elasticloadbalancing:*\",\"ec2:DetachNetworkInterface\",\"ec2:DescribeNetworkInterfaces\",\"ec2:AttachNetworkInterface\"],\"Effect\":\"Allow\",\"Resource\":\"*\"}],\"Version\":\"2012-10-17\"}",
            "policy_id": "ANPAYS2NSTX5BCM3X53CB",
            "tags": null,
            "tags_all": {}
          },
          "sensitive_attributes": [],
          "private": "bnVsbA=="
        }
      ]
    },
    {
      "mode": "managed",
      "type": "aws_iam_role",
      "name": "terraform_role",
      "provider": "provider[\"registry.terraform.io/hashicorp/aws\"]",
      "instances": [
        {
          "schema_version": 0,
          "attributes": {
            "arn": "arn:aws:iam::590183833082:role/TerraformRole",
            "assume_role_policy": "{\"Statement\":[{\"Action\":\"sts:AssumeRole\",\"Effect\":\"Allow\",\"Principal\":{\"Service\":\"ec2.amazonaws.com\"},\"Sid\":\"\"}],\"Version\":\"2012-10-17\"}",
            "create_date": "2024-03-30T06:45:27Z",
            "description": "",
            "force_detach_policies": false,
            "id": "TerraformRole",
            "inline_policy": [],
            "managed_policy_arns": [],
            "max_session_duration": 3600,
            "name": "TerraformRole",
            "name_prefix": "",
            "path": "/",
            "permissions_boundary": "",
            "tags": null,
            "tags_all": {},
            "unique_id": "AROAYS2NSTX5OBTMIWOJX"
          },
          "sensitive_attributes": [],
          "private": "bnVsbA=="
        }
      ]
    },
    {
      "mode": "managed",
      "type": "aws_iam_role_policy_attachment",
      "name": "terraform_policy_attachment",
      "provider": "provider[\"registry.terraform.io/hashicorp/aws\"]",
      "instances": [
        {
          "schema_version": 0,
          "attributes": {
            "id": "TerraformRole-20240330064528820300000001",
            "policy_arn": "arn:aws:iam::590183833082:policy/TerraformELBEC2Policy",
            "role": "TerraformRole"
          },
          "sensitive_attributes": [],
          "private": "bnVsbA==",
          "dependencies": [
            "aws_iam_policy.terraform_policy",
            "aws_iam_role.terraform_role"
          ]
        }
      ]
    },
    {
      "mode": "managed",
      "type": "aws_internet_gateway",
      "name": "wp_igw",
      "provider": "provider[\"registry.terraform.io/hashicorp/aws\"]",
      "instances": [
        {
          "schema_version": 0,
          "attributes": {
            "arn": "arn:aws:ec2:us-east-1:590183833082:internet-gateway/igw-044664939cba1eff1",
            "id": "igw-044664939cba1eff1",
            "owner_id": "590183833082",
            "tags": {
              "Name": "wp_igw"
            },
            "tags_all": {
              "Name": "wp_igw"
            },
            "timeouts": null,
            "vpc_id": "vpc-0c121bf60ff486bac"
          },
          "sensitive_attributes": [],
          "private": "eyJlMmJmYjczMC1lY2FhLTExZTYtOGY4OC0zNDM2M2JjN2M0YzAiOnsiY3JlYXRlIjoxMjAwMDAwMDAwMDAwLCJkZWxldGUiOjEyMDAwMDAwMDAwMDAsInVwZGF0ZSI6MTIwMDAwMDAwMDAwMH19",
          "dependencies": [
            "aws_vpc.wp_vpc"
          ]
        }
      ]
    },
    {
      "mode": "managed",
      "type": "aws_launch_template",
      "name": "wp_lt",
      "provider": "provider[\"registry.terraform.io/hashicorp/aws\"]",
      "instances": [
        {
          "schema_version": 0,
          "attributes": {
            "arn": "arn:aws:ec2:us-east-1:590183833082:launch-template/lt-0f901d83ff1d0aa30",
            "block_device_mappings": [],
            "capacity_reservation_specification": [],
            "cpu_options": [],
            "credit_specification": [],
            "default_version": 1,
            "description": "",
            "disable_api_stop": false,
            "disable_api_termination": false,
            "ebs_optimized": "",
            "elastic_gpu_specifications": [],
            "elastic_inference_accelerator": [],
            "enclave_options": [],
            "hibernation_options": [],
            "iam_instance_profile": [],
            "id": "lt-0f901d83ff1d0aa30",
            "image_id": "ami-080e1f13689e07408",
            "instance_initiated_shutdown_behavior": "",
            "instance_market_options": [],
            "instance_requirements": [],
            "instance_type": "t3.medium",
            "kernel_id": "",
            "key_name": "",
            "latest_version": 1,
            "license_specification": [],
            "maintenance_options": [],
            "metadata_options": [],
            "monitoring": [],
            "name": "wp-launch-template-20240330064547566300000005",
            "name_prefix": "wp-launch-template-",
            "network_interfaces": [
              {
                "associate_carrier_ip_address": "",
                "associate_public_ip_address": "true",
                "delete_on_termination": "",
                "description": "",
                "device_index": 0,
                "interface_type": "",
                "ipv4_address_count": 0,
                "ipv4_addresses": null,
                "ipv4_prefix_count": 0,
                "ipv4_prefixes": null,
                "ipv6_address_count": 0,
                "ipv6_addresses": null,
                "ipv6_prefix_count": 0,
                "ipv6_prefixes": null,
                "network_card_index": 0,
                "network_interface_id": "",
                "private_ip_address": "",
                "security_groups": [
                  "sg-09ff3a39e94cf39b3"
                ],
                "subnet_id": ""
              }
            ],
            "placement": [],
            "private_dns_name_options": [],
            "ram_disk_id": "",
            "security_group_names": null,
            "tag_specifications": [],
            "tags": null,
            "tags_all": {},
            "update_default_version": null,
            "user_data": "IyEvYmluL2Jhc2gKc3VkbyBhcHQgdXBkYXRlICYmIHN1ZG8gYXB0IHVwZ3JhZGUgLXkKc3VkbyBhcHQgaW5zdGFsbCAteSBhcGFjaGUyCnN1ZG8gc3lzdGVtY3RsIHN0YXJ0IGFwYWNoZTIKc3VkbyBzeXN0ZW1jdGwgZW5hYmxlIGFwYWNoZTIKc3VkbyBhcHQgaW5zdGFsbCAteSBwaHAgbGliYXBhY2hlMi1tb2QtcGhwIHBocC1teXNxbCBwaHAtZ2QgcGhwLXhtbApzdWRvIGFwdC1nZXQgaW5zdGFsbCAteSBtYXJpYWRiLXNlcnZlcgpzdWRvIHN5c3RlbWN0bCBzdGFydCBtYXJpYWRiCnN1ZG8gc3lzdGVtY3RsIGVuYWJsZSBtYXJpYWRiCgpzdWRvIG15c3FsIC1lICJERUxFVEUgRlJPTSBteXNxbC51c2VyIFdIRVJFIFVzZXI9Jyc7IgpzdWRvIG15c3FsIC1lICJERUxFVEUgRlJPTSBteXNxbC51c2VyIFdIRVJFIFVzZXI9J3Jvb3QnIEFORCBIb3N0IE5PVCBJTiAoJ2xvY2FsaG9zdCcsICcxMjcuMC4wLjEnLCAnOjoxJyk7IgpzdWRvIG15c3FsIC1lICJEUk9QIERBVEFCQVNFIElGIEVYSVNUUyB0ZXN0OyIKc3VkbyBteXNxbCAtZSAiREVMRVRFIEZST00gbXlzcWwuZGIgV0hFUkUgRGI9J3Rlc3QnIE9SIERiPSd0ZXN0XFxfJSc7IgpzdWRvIG15c3FsIC1lICJGTFVTSCBQUklWSUxFR0VTOyIKCnN1ZG8gbXlzcWwgLWUgIkNSRUFURSBEQVRBQkFTRSBzYW1wbGVfd3BfZGIgREVGQVVMVCBDSEFSQUNURVIgU0VUIHV0ZjggQ09MTEFURSB1dGY4X3VuaWNvZGVfY2k7IgpzdWRvIG15c3FsIC1lICJDUkVBVEUgVVNFUiAnc2FtcGxlX3dwX3VzZXInQCdsb2NhbGhvc3QnIElERU5USUZJRUQgQlkgJ1NhbXBsZVNlY3VyZVBhc3MxMjMhJzsiCnN1ZG8gbXlzcWwgLWUgIkdSQU5UIEFMTCBPTiBzYW1wbGVfd3BfZGIuKiBUTyAnc2FtcGxlX3dwX3VzZXInQCdsb2NhbGhvc3QnOyIKc3VkbyBteXNxbCAtZSAiRkxVU0ggUFJJVklMRUdFUzsiCgpjZCAvdmFyL3d3dy9odG1sCnN1ZG8gd2dldCBodHRwczovL3dvcmRwcmVzcy5vcmcvbGF0ZXN0LnRhci5negpzdWRvIHRhciAteHpmIGxhdGVzdC50YXIuZ3ogLS1zdHJpcC1jb21wb25lbnRzPTEKc3VkbyBybSAtZiBsYXRlc3QudGFyLmd6CnN1ZG8gY2hvd24gLVIgd3d3LWRhdGE6d3d3LWRhdGEgL3Zhci93d3cvaHRtbApzdWRvIGNwIHdwLWNvbmZpZy1zYW1wbGUucGhwIHdwLWNvbmZpZy5waHAKc3VkbyBzZWQgLWkgInMvZGF0YWJhc2VfbmFtZV9oZXJlL3NhbXBsZV93cF9kYi8iIHdwLWNvbmZpZy5waHAKc3VkbyBzZWQgLWkgInMvdXNlcm5hbWVfaGVyZS9zYW1wbGVfd3BfdXNlci8iIHdwLWNvbmZpZy5waHAKc3VkbyBzZWQgLWkgInMvcGFzc3dvcmRfaGVyZS9TYW1wbGVTZWN1cmVQYXNzMTIzIS8iIHdwLWNvbmZpZy5waHAKc3VkbyBzeXN0ZW1jdGwgcmVzdGFydCBhcGFjaGUyCmVjaG8gIldvcmRQcmVzcyBpbnN0YWxsYXRpb24gc2NyaXB0IGhhcyBjb21wbGV0ZWQuIEFjY2VzcyB5b3VyIHNpdGUgd2l0aCB0aGUgRUMyIGluc3RhbmNlJ3MgcHVibGljIElQIGFkZHJlc3MuIgo=",
            "vpc_security_group_ids": null
          },
          "sensitive_attributes": [],
          "private": "bnVsbA==",
          "dependencies": [
            "aws_security_group.wp_sg",
            "aws_vpc.wp_vpc"
          ],
          "create_before_destroy": true
        }
      ]
    },
    {
      "mode": "managed",
      "type": "aws_lb",
      "name": "wp_alb",
      "provider": "provider[\"registry.terraform.io/hashicorp/aws\"]",
      "instances": [
        {
          "schema_version": 0,
          "attributes": {
            "access_logs": [
              {
                "bucket": "",
                "enabled": false,
                "prefix": ""
              }
            ],
            "arn": "arn:aws:elasticloadbalancing:us-east-1:590183833082:loadbalancer/app/wp-alb/bbfbeb19612427d6",
            "arn_suffix": "app/wp-alb/bbfbeb19612427d6",
            "connection_logs": [
              {
                "bucket": "",
                "enabled": false,
                "prefix": ""
              }
            ],
            "customer_owned_ipv4_pool": "",
            "desync_mitigation_mode": "defensive",
            "dns_name": "wp-alb-2022114967.us-east-1.elb.amazonaws.com",
            "dns_record_client_routing_policy": null,
            "drop_invalid_header_fields": false,
            "enable_cross_zone_load_balancing": true,
            "enable_deletion_protection": false,
            "enable_http2": true,
            "enable_tls_version_and_cipher_suite_headers": false,
            "enable_waf_fail_open": false,
            "enable_xff_client_port": false,
            "enforce_security_group_inbound_rules_on_private_link_traffic": "",
            "id": "arn:aws:elasticloadbalancing:us-east-1:590183833082:loadbalancer/app/wp-alb/bbfbeb19612427d6",
            "idle_timeout": 60,
            "internal": false,
            "ip_address_type": "ipv4",
            "load_balancer_type": "application",
            "name": "wp-alb",
            "name_prefix": "",
            "preserve_host_header": false,
            "security_groups": [
              "sg-0b5f9338757339884"
            ],
            "subnet_mapping": [
              {
                "allocation_id": "",
                "ipv6_address": "",
                "outpost_id": "",
                "private_ipv4_address": "",
                "subnet_id": "subnet-0a4626fad57f8e092"
              },
              {
                "allocation_id": "",
                "ipv6_address": "",
                "outpost_id": "",
                "private_ipv4_address": "",
                "subnet_id": "subnet-0b94d8b4c546d34b7"
              }
            ],
            "subnets": [
              "subnet-0a4626fad57f8e092",
              "subnet-0b94d8b4c546d34b7"
            ],
            "tags": {
              "Name": "wp_alb"
            },
            "tags_all": {
              "Name": "wp_alb"
            },
            "timeouts": null,
            "vpc_id": "vpc-0c121bf60ff486bac",
            "xff_header_processing_mode": "append",
            "zone_id": "Z35SXDOTRQ7X7K"
          },
          "sensitive_attributes": [],
          "private": "eyJlMmJmYjczMC1lY2FhLTExZTYtOGY4OC0zNDM2M2JjN2M0YzAiOnsiY3JlYXRlIjo2MDAwMDAwMDAwMDAsImRlbGV0ZSI6NjAwMDAwMDAwMDAwLCJ1cGRhdGUiOjYwMDAwMDAwMDAwMH19",
          "dependencies": [
            "aws_security_group.elb_sg",
            "aws_subnet.wp_subnet1",
            "aws_subnet.wp_subnet2",
            "aws_vpc.wp_vpc"
          ]
        }
      ]
    },
    {
      "mode": "managed",
      "type": "aws_lb_listener",
      "name": "wp_alb_listener",
      "provider": "provider[\"registry.terraform.io/hashicorp/aws\"]",
      "instances": [
        {
          "schema_version": 0,
          "attributes": {
            "alpn_policy": null,
            "arn": "arn:aws:elasticloadbalancing:us-east-1:590183833082:listener/app/wp-alb/bbfbeb19612427d6/2e002494f1b9f306",
            "certificate_arn": null,
            "default_action": [
              {
                "authenticate_cognito": [],
                "authenticate_oidc": [],
                "fixed_response": [],
                "forward": [],
                "order": 1,
                "redirect": [],
                "target_group_arn": "arn:aws:elasticloadbalancing:us-east-1:590183833082:targetgroup/wp-alb-tg/cc768625d7ee3e1f",
                "type": "forward"
              }
            ],
            "id": "arn:aws:elasticloadbalancing:us-east-1:590183833082:listener/app/wp-alb/bbfbeb19612427d6/2e002494f1b9f306",
            "load_balancer_arn": "arn:aws:elasticloadbalancing:us-east-1:590183833082:loadbalancer/app/wp-alb/bbfbeb19612427d6",
            "mutual_authentication": [],
            "port": 80,
            "protocol": "HTTP",
            "ssl_policy": "",
            "tags": null,
            "tags_all": {},
            "timeouts": null
          },
          "sensitive_attributes": [],
          "private": "eyJlMmJmYjczMC1lY2FhLTExZTYtOGY4OC0zNDM2M2JjN2M0YzAiOnsiY3JlYXRlIjozMDAwMDAwMDAwMDAsInVwZGF0ZSI6MzAwMDAwMDAwMDAwfX0=",
          "dependencies": [
            "aws_lb.wp_alb",
            "aws_lb_target_group.wp_alb_tg",
            "aws_security_group.elb_sg",
            "aws_subnet.wp_subnet1",
            "aws_subnet.wp_subnet2",
            "aws_vpc.wp_vpc"
          ]
        }
      ]
    },
    {
      "mode": "managed",
      "type": "aws_lb_target_group",
      "name": "wp_alb_tg",
      "provider": "provider[\"registry.terraform.io/hashicorp/aws\"]",
      "instances": [
        {
          "schema_version": 0,
          "attributes": {
            "arn": "arn:aws:elasticloadbalancing:us-east-1:590183833082:targetgroup/wp-alb-tg/cc768625d7ee3e1f",
            "arn_suffix": "targetgroup/wp-alb-tg/cc768625d7ee3e1f",
            "connection_termination": null,
            "deregistration_delay": "300",
            "health_check": [
              {
                "enabled": true,
                "healthy_threshold": 3,
                "interval": 30,
                "matcher": "200",
                "path": "/",
                "port": "traffic-port",
                "protocol": "HTTP",
                "timeout": 5,
                "unhealthy_threshold": 3
              }
            ],
            "id": "arn:aws:elasticloadbalancing:us-east-1:590183833082:targetgroup/wp-alb-tg/cc768625d7ee3e1f",
            "ip_address_type": "ipv4",
            "lambda_multi_value_headers_enabled": false,
            "load_balancer_arns": [],
            "load_balancing_algorithm_type": "round_robin",
            "load_balancing_anomaly_mitigation": "off",
            "load_balancing_cross_zone_enabled": "use_load_balancer_configuration",
            "name": "wp-alb-tg",
            "name_prefix": "",
            "port": 80,
            "preserve_client_ip": null,
            "protocol": "HTTP",
            "protocol_version": "HTTP1",
            "proxy_protocol_v2": false,
            "slow_start": 0,
            "stickiness": [
              {
                "cookie_duration": 86400,
                "cookie_name": "",
                "enabled": false,
                "type": "lb_cookie"
              }
            ],
            "tags": null,
            "tags_all": {},
            "target_failover": [
              {
                "on_deregistration": null,
                "on_unhealthy": null
              }
            ],
            "target_health_state": [
              {
                "enable_unhealthy_connection_termination": null
              }
            ],
            "target_type": "instance",
            "vpc_id": "vpc-0c121bf60ff486bac"
          },
          "sensitive_attributes": [],
          "private": "bnVsbA==",
          "dependencies": [
            "aws_vpc.wp_vpc"
          ],
          "create_before_destroy": true
        }
      ]
    },
    {
      "mode": "managed",
      "type": "aws_rds_cluster",
      "name": "wp_db_cluster",
      "provider": "provider[\"registry.terraform.io/hashicorp/aws\"]",
      "instances": [
        {
          "schema_version": 1,
          "attributes": {
            "allocated_storage": 1,
            "allow_major_version_upgrade": null,
            "apply_immediately": null,
            "arn": "arn:aws:rds:us-east-1:590183833082:cluster:tf-20240330064547600200000007",
            "availability_zones": [
              "us-east-1a",
              "us-east-1b",
              "us-east-1c"
            ],
            "backtrack_window": 0,
            "backup_retention_period": 1,
            "cluster_identifier": "tf-20240330064547600200000007",
            "cluster_identifier_prefix": "tf-",
            "cluster_members": [],
            "cluster_resource_id": "cluster-ZRTLNI2FFSJBMPEPW64GAYHDOA",
            "copy_tags_to_snapshot": false,
            "database_name": null,
            "db_cluster_instance_class": "",
            "db_cluster_parameter_group_name": "default.aurora-mysql8.0",
            "db_instance_parameter_group_name": null,
            "db_subnet_group_name": "wpdbsubnetgroup",
            "db_system_id": "",
            "delete_automated_backups": true,
            "deletion_protection": false,
            "domain": "",
            "domain_iam_role_name": "",
            "enable_global_write_forwarding": false,
            "enable_http_endpoint": false,
            "enable_local_write_forwarding": false,
            "enabled_cloudwatch_logs_exports": null,
            "endpoint": "tf-20240330064547600200000007.cluster-czg04km44kyk.us-east-1.rds.amazonaws.com",
            "engine": "aurora-mysql",
            "engine_mode": "provisioned",
            "engine_version": "8.0.mysql_aurora.3.06.0",
            "engine_version_actual": "8.0.mysql_aurora.3.06.0",
            "final_snapshot_identifier": null,
            "global_cluster_identifier": "",
            "hosted_zone_id": "Z2R2ITUGPM61AM",
            "iam_database_authentication_enabled": false,
            "iam_roles": [],
            "id": "tf-20240330064547600200000007",
            "iops": 0,
            "kms_key_id": "",
            "manage_master_user_password": null,
            "master_password": "Bitcoin2030",
            "master_user_secret": [],
            "master_user_secret_kms_key_id": null,
            "master_username": "dollargill",
            "network_type": "IPV4",
            "port": 3306,
            "preferred_backup_window": "05:56-06:26",
            "preferred_maintenance_window": "sun:08:55-sun:09:25",
            "reader_endpoint": "tf-20240330064547600200000007.cluster-ro-czg04km44kyk.us-east-1.rds.amazonaws.com",
            "replication_source_identifier": "",
            "restore_to_point_in_time": [],
            "s3_import": [],
            "scaling_configuration": [],
            "serverlessv2_scaling_configuration": [],
            "skip_final_snapshot": true,
            "snapshot_identifier": null,
            "source_region": null,
            "storage_encrypted": false,
            "storage_type": "",
            "tags": {
              "Name": "MyWPRDSCluster"
            },
            "tags_all": {
              "Name": "MyWPRDSCluster"
            },
            "timeouts": null,
            "vpc_security_group_ids": [
              "sg-05a8161c1fa143b7b"
            ]
          },
          "sensitive_attributes": [],
          "private": "eyJlMmJmYjczMC1lY2FhLTExZTYtOGY4OC0zNDM2M2JjN2M0YzAiOnsiY3JlYXRlIjo3MjAwMDAwMDAwMDAwLCJkZWxldGUiOjcyMDAwMDAwMDAwMDAsInVwZGF0ZSI6NzIwMDAwMDAwMDAwMH0sInNjaGVtYV92ZXJzaW9uIjoiMSJ9",
          "dependencies": [
            "aws_db_subnet_group.wp_db_subnet_group",
            "aws_subnet.wp_subnet1",
            "aws_subnet.wp_subnet2",
            "aws_vpc.wp_vpc"
          ]
        }
      ]
    },
    {
      "mode": "managed",
      "type": "aws_rds_cluster_instance",
      "name": "wp_db_instance1",
      "provider": "provider[\"registry.terraform.io/hashicorp/aws\"]",
      "instances": [
        {
          "schema_version": 0,
          "attributes": {
            "apply_immediately": null,
            "arn": "arn:aws:rds:us-east-1:590183833082:db:wp-db-instance1",
            "auto_minor_version_upgrade": true,
            "availability_zone": "us-east-1b",
            "ca_cert_identifier": "rds-ca-rsa2048-g1",
            "cluster_identifier": "tf-20240330064547600200000007",
            "copy_tags_to_snapshot": false,
            "custom_iam_instance_profile": "",
            "db_parameter_group_name": "default.aurora-mysql8.0",
            "db_subnet_group_name": "wpdbsubnetgroup",
            "dbi_resource_id": "db-HACSSRZ447S6BVSJTWWT6T4TWE",
            "endpoint": "wp-db-instance1.czg04km44kyk.us-east-1.rds.amazonaws.com",
            "engine": "aurora-mysql",
            "engine_version": "8.0.mysql_aurora.3.06.0",
            "engine_version_actual": "8.0.mysql_aurora.3.06.0",
            "id": "wp-db-instance1",
            "identifier": "wp-db-instance1",
            "identifier_prefix": "",
            "instance_class": "db.t3.medium",
            "kms_key_id": "",
            "monitoring_interval": 0,
            "monitoring_role_arn": "",
            "network_type": "IPV4",
            "performance_insights_enabled": false,
            "performance_insights_kms_key_id": "",
            "performance_insights_retention_period": 0,
            "port": 3306,
            "preferred_backup_window": "05:56-06:26",
            "preferred_maintenance_window": "wed:07:26-wed:07:56",
            "promotion_tier": 0,
            "publicly_accessible": false,
            "storage_encrypted": false,
            "tags": null,
            "tags_all": {},
            "timeouts": null,
            "writer": true
          },
          "sensitive_attributes": [],
          "private": "eyJlMmJmYjczMC1lY2FhLTExZTYtOGY4OC0zNDM2M2JjN2M0YzAiOnsiY3JlYXRlIjo1NDAwMDAwMDAwMDAwLCJkZWxldGUiOjU0MDAwMDAwMDAwMDAsInVwZGF0ZSI6NTQwMDAwMDAwMDAwMH19",
          "dependencies": [
            "aws_db_subnet_group.wp_db_subnet_group",
            "aws_rds_cluster.wp_db_cluster",
            "aws_subnet.wp_subnet1",
            "aws_subnet.wp_subnet2",
            "aws_vpc.wp_vpc"
          ]
        }
      ]
    },
    {
      "mode": "managed",
      "type": "aws_rds_cluster_instance",
      "name": "wp_db_instance2",
      "provider": "provider[\"registry.terraform.io/hashicorp/aws\"]",
      "instances": [
        {
          "schema_version": 0,
          "attributes": {
            "apply_immediately": null,
            "arn": "arn:aws:rds:us-east-1:590183833082:db:wp-db-instance2",
            "auto_minor_version_upgrade": true,
            "availability_zone": "us-east-1a",
            "ca_cert_identifier": "rds-ca-rsa2048-g1",
            "cluster_identifier": "tf-20240330064547600200000007",
            "copy_tags_to_snapshot": false,
            "custom_iam_instance_profile": "",
            "db_parameter_group_name": "default.aurora-mysql8.0",
            "db_subnet_group_name": "wpdbsubnetgroup",
            "dbi_resource_id": "db-IWGF3T5Y3ATVBHR4CU24HGM4CU",
            "endpoint": "wp-db-instance2.czg04km44kyk.us-east-1.rds.amazonaws.com",
            "engine": "aurora-mysql",
            "engine_version": "8.0.mysql_aurora.3.06.0",
            "engine_version_actual": "8.0.mysql_aurora.3.06.0",
            "id": "wp-db-instance2",
            "identifier": "wp-db-instance2",
            "identifier_prefix": "",
            "instance_class": "db.t3.medium",
            "kms_key_id": "",
            "monitoring_interval": 0,
            "monitoring_role_arn": "",
            "network_type": "IPV4",
            "performance_insights_enabled": false,
            "performance_insights_kms_key_id": "",
            "performance_insights_retention_period": 0,
            "port": 3306,
            "preferred_backup_window": "05:56-06:26",
            "preferred_maintenance_window": "sat:05:16-sat:05:46",
            "promotion_tier": 0,
            "publicly_accessible": false,
            "storage_encrypted": false,
            "tags": null,
            "tags_all": {},
            "timeouts": null,
            "writer": false
          },
          "sensitive_attributes": [],
          "private": "eyJlMmJmYjczMC1lY2FhLTExZTYtOGY4OC0zNDM2M2JjN2M0YzAiOnsiY3JlYXRlIjo1NDAwMDAwMDAwMDAwLCJkZWxldGUiOjU0MDAwMDAwMDAwMDAsInVwZGF0ZSI6NTQwMDAwMDAwMDAwMH19",
          "dependencies": [
            "aws_db_subnet_group.wp_db_subnet_group",
            "aws_rds_cluster.wp_db_cluster",
            "aws_subnet.wp_subnet1",
            "aws_subnet.wp_subnet2",
            "aws_vpc.wp_vpc"
          ]
        }
      ]
    },
    {
      "mode": "managed",
      "type": "aws_route_table",
      "name": "wp_rt",
      "provider": "provider[\"registry.terraform.io/hashicorp/aws\"]",
      "instances": [
        {
          "schema_version": 0,
          "attributes": {
            "arn": "arn:aws:ec2:us-east-1:590183833082:route-table/rtb-05b84ba2923afceb8",
            "id": "rtb-05b84ba2923afceb8",
            "owner_id": "590183833082",
            "propagating_vgws": [],
            "route": [
              {
                "carrier_gateway_id": "",
                "cidr_block": "0.0.0.0/0",
                "core_network_arn": "",
                "destination_prefix_list_id": "",
                "egress_only_gateway_id": "",
                "gateway_id": "igw-044664939cba1eff1",
                "ipv6_cidr_block": "",
                "local_gateway_id": "",
                "nat_gateway_id": "",
                "network_interface_id": "",
                "transit_gateway_id": "",
                "vpc_endpoint_id": "",
                "vpc_peering_connection_id": ""
              }
            ],
            "tags": {
              "Name": "wp_rt"
            },
            "tags_all": {
              "Name": "wp_rt"
            },
            "timeouts": null,
            "vpc_id": "vpc-0c121bf60ff486bac"
          },
          "sensitive_attributes": [],
          "private": "eyJlMmJmYjczMC1lY2FhLTExZTYtOGY4OC0zNDM2M2JjN2M0YzAiOnsiY3JlYXRlIjozMDAwMDAwMDAwMDAsImRlbGV0ZSI6MzAwMDAwMDAwMDAwLCJ1cGRhdGUiOjEyMDAwMDAwMDAwMH19",
          "dependencies": [
            "aws_internet_gateway.wp_igw",
            "aws_vpc.wp_vpc"
          ]
        }
      ]
    },
    {
      "mode": "managed",
      "type": "aws_route_table_association",
      "name": "wp_rta_subnet1",
      "provider": "provider[\"registry.terraform.io/hashicorp/aws\"]",
      "instances": [
        {
          "schema_version": 0,
          "attributes": {
            "gateway_id": "",
            "id": "rtbassoc-0f9d2f20ea6419bb7",
            "route_table_id": "rtb-05b84ba2923afceb8",
            "subnet_id": "subnet-0a4626fad57f8e092",
            "timeouts": null
          },
          "sensitive_attributes": [],
          "private": "eyJlMmJmYjczMC1lY2FhLTExZTYtOGY4OC0zNDM2M2JjN2M0YzAiOnsiY3JlYXRlIjozMDAwMDAwMDAwMDAsImRlbGV0ZSI6MzAwMDAwMDAwMDAwLCJ1cGRhdGUiOjEyMDAwMDAwMDAwMH19",
          "dependencies": [
            "aws_internet_gateway.wp_igw",
            "aws_route_table.wp_rt",
            "aws_subnet.wp_subnet1",
            "aws_vpc.wp_vpc"
          ]
        }
      ]
    },
    {
      "mode": "managed",
      "type": "aws_route_table_association",
      "name": "wp_rta_subnet2",
      "provider": "provider[\"registry.terraform.io/hashicorp/aws\"]",
      "instances": [
        {
          "schema_version": 0,
          "attributes": {
            "gateway_id": "",
            "id": "rtbassoc-0c536b784e6f051b7",
            "route_table_id": "rtb-05b84ba2923afceb8",
            "subnet_id": "subnet-0b94d8b4c546d34b7",
            "timeouts": null
          },
          "sensitive_attributes": [],
          "private": "eyJlMmJmYjczMC1lY2FhLTExZTYtOGY4OC0zNDM2M2JjN2M0YzAiOnsiY3JlYXRlIjozMDAwMDAwMDAwMDAsImRlbGV0ZSI6MzAwMDAwMDAwMDAwLCJ1cGRhdGUiOjEyMDAwMDAwMDAwMH19",
          "dependencies": [
            "aws_internet_gateway.wp_igw",
            "aws_route_table.wp_rt",
            "aws_subnet.wp_subnet2",
            "aws_vpc.wp_vpc"
          ]
        }
      ]
    },
    {
      "mode": "managed",
      "type": "aws_security_group",
      "name": "elb_sg",
      "provider": "provider[\"registry.terraform.io/hashicorp/aws\"]",
      "instances": [
        {
          "schema_version": 1,
          "attributes": {
            "arn": "arn:aws:ec2:us-east-1:590183833082:security-group/sg-0b5f9338757339884",
            "description": "Managed by Terraform",
            "egress": [
              {
                "cidr_blocks": [
                  "0.0.0.0/0"
                ],
                "description": "",
                "from_port": 0,
                "ipv6_cidr_blocks": [],
                "prefix_list_ids": [],
                "protocol": "-1",
                "security_groups": [],
                "self": false,
                "to_port": 0
              }
            ],
            "id": "sg-0b5f9338757339884",
            "ingress": [
              {
                "cidr_blocks": [
                  "0.0.0.0/0"
                ],
                "description": "",
                "from_port": 80,
                "ipv6_cidr_blocks": [],
                "prefix_list_ids": [],
                "protocol": "tcp",
                "security_groups": [],
                "self": false,
                "to_port": 80
              }
            ],
            "name": "terraform-20240330064541735100000003",
            "name_prefix": "terraform-",
            "owner_id": "590183833082",
            "revoke_rules_on_delete": false,
            "tags": {
              "Name": "elb_sg"
            },
            "tags_all": {
              "Name": "elb_sg"
            },
            "timeouts": null,
            "vpc_id": "vpc-0c121bf60ff486bac"
          },
          "sensitive_attributes": [],
          "private": "eyJlMmJmYjczMC1lY2FhLTExZTYtOGY4OC0zNDM2M2JjN2M0YzAiOnsiY3JlYXRlIjo2MDAwMDAwMDAwMDAsImRlbGV0ZSI6OTAwMDAwMDAwMDAwfSwic2NoZW1hX3ZlcnNpb24iOiIxIn0=",
          "dependencies": [
            "aws_vpc.wp_vpc"
          ]
        }
      ]
    },
    {
      "mode": "managed",
      "type": "aws_security_group",
      "name": "wp_sg",
      "provider": "provider[\"registry.terraform.io/hashicorp/aws\"]",
      "instances": [
        {
          "schema_version": 1,
          "attributes": {
            "arn": "arn:aws:ec2:us-east-1:590183833082:security-group/sg-09ff3a39e94cf39b3",
            "description": "Managed by Terraform",
            "egress": [
              {
                "cidr_blocks": [
                  "0.0.0.0/0"
                ],
                "description": "",
                "from_port": 0,
                "ipv6_cidr_blocks": [],
                "prefix_list_ids": [],
                "protocol": "-1",
                "security_groups": [],
                "self": false,
                "to_port": 0
              }
            ],
            "id": "sg-09ff3a39e94cf39b3",
            "ingress": [
              {
                "cidr_blocks": [
                  "0.0.0.0/0"
                ],
                "description": "",
                "from_port": 80,
                "ipv6_cidr_blocks": [],
                "prefix_list_ids": [],
                "protocol": "tcp",
                "security_groups": [],
                "self": false,
                "to_port": 80
              }
            ],
            "name": "terraform-20240330064541734800000002",
            "name_prefix": "terraform-",
            "owner_id": "590183833082",
            "revoke_rules_on_delete": false,
            "tags": {
              "Name": "wp_sg"
            },
            "tags_all": {
              "Name": "wp_sg"
            },
            "timeouts": null,
            "vpc_id": "vpc-0c121bf60ff486bac"
          },
          "sensitive_attributes": [],
          "private": "eyJlMmJmYjczMC1lY2FhLTExZTYtOGY4OC0zNDM2M2JjN2M0YzAiOnsiY3JlYXRlIjo2MDAwMDAwMDAwMDAsImRlbGV0ZSI6OTAwMDAwMDAwMDAwfSwic2NoZW1hX3ZlcnNpb24iOiIxIn0=",
          "dependencies": [
            "aws_vpc.wp_vpc"
          ],
          "create_before_destroy": true
        }
      ]
    },
    {
      "mode": "managed",
      "type": "aws_subnet",
      "name": "wp_subnet1",
      "provider": "provider[\"registry.terraform.io/hashicorp/aws\"]",
      "instances": [
        {
          "schema_version": 1,
          "attributes": {
            "arn": "arn:aws:ec2:us-east-1:590183833082:subnet/subnet-0a4626fad57f8e092",
            "assign_ipv6_address_on_creation": false,
            "availability_zone": "us-east-1a",
            "availability_zone_id": "use1-az6",
            "cidr_block": "10.0.1.0/24",
            "customer_owned_ipv4_pool": "",
            "enable_dns64": false,
            "enable_lni_at_device_index": 0,
            "enable_resource_name_dns_a_record_on_launch": false,
            "enable_resource_name_dns_aaaa_record_on_launch": false,
            "id": "subnet-0a4626fad57f8e092",
            "ipv6_cidr_block": "",
            "ipv6_cidr_block_association_id": "",
            "ipv6_native": false,
            "map_customer_owned_ip_on_launch": false,
            "map_public_ip_on_launch": false,
            "outpost_arn": "",
            "owner_id": "590183833082",
            "private_dns_hostname_type_on_launch": "ip-name",
            "tags": {
              "Name": "wp_subnet1"
            },
            "tags_all": {
              "Name": "wp_subnet1"
            },
            "timeouts": null,
            "vpc_id": "vpc-0c121bf60ff486bac"
          },
          "sensitive_attributes": [],
          "private": "eyJlMmJmYjczMC1lY2FhLTExZTYtOGY4OC0zNDM2M2JjN2M0YzAiOnsiY3JlYXRlIjo2MDAwMDAwMDAwMDAsImRlbGV0ZSI6MTIwMDAwMDAwMDAwMH0sInNjaGVtYV92ZXJzaW9uIjoiMSJ9",
          "dependencies": [
            "aws_vpc.wp_vpc"
          ],
          "create_before_destroy": true
        }
      ]
    },
    {
      "mode": "managed",
      "type": "aws_subnet",
      "name": "wp_subnet2",
      "provider": "provider[\"registry.terraform.io/hashicorp/aws\"]",
      "instances": [
        {
          "schema_version": 1,
          "attributes": {
            "arn": "arn:aws:ec2:us-east-1:590183833082:subnet/subnet-0b94d8b4c546d34b7",
            "assign_ipv6_address_on_creation": false,
            "availability_zone": "us-east-1b",
            "availability_zone_id": "use1-az1",
            "cidr_block": "10.0.2.0/24",
            "customer_owned_ipv4_pool": "",
            "enable_dns64": false,
            "enable_lni_at_device_index": 0,
            "enable_resource_name_dns_a_record_on_launch": false,
            "enable_resource_name_dns_aaaa_record_on_launch": false,
            "id": "subnet-0b94d8b4c546d34b7",
            "ipv6_cidr_block": "",
            "ipv6_cidr_block_association_id": "",
            "ipv6_native": false,
            "map_customer_owned_ip_on_launch": false,
            "map_public_ip_on_launch": false,
            "outpost_arn": "",
            "owner_id": "590183833082",
            "private_dns_hostname_type_on_launch": "ip-name",
            "tags": {
              "Name": "wp_subnet2"
            },
            "tags_all": {
              "Name": "wp_subnet2"
            },
            "timeouts": null,
            "vpc_id": "vpc-0c121bf60ff486bac"
          },
          "sensitive_attributes": [],
          "private": "eyJlMmJmYjczMC1lY2FhLTExZTYtOGY4OC0zNDM2M2JjN2M0YzAiOnsiY3JlYXRlIjo2MDAwMDAwMDAwMDAsImRlbGV0ZSI6MTIwMDAwMDAwMDAwMH0sInNjaGVtYV92ZXJzaW9uIjoiMSJ9",
          "dependencies": [
            "aws_vpc.wp_vpc"
          ],
          "create_before_destroy": true
        }
      ]
    },
    {
      "mode": "managed",
      "type": "aws_vpc",
      "name": "wp_vpc",
      "provider": "provider[\"registry.terraform.io/hashicorp/aws\"]",
      "instances": [
        {
          "schema_version": 1,
          "attributes": {
            "arn": "arn:aws:ec2:us-east-1:590183833082:vpc/vpc-0c121bf60ff486bac",
            "assign_generated_ipv6_cidr_block": false,
            "cidr_block": "10.0.0.0/16",
            "default_network_acl_id": "acl-0b7983635942a45d9",
            "default_route_table_id": "rtb-0a6140f847430d123",
            "default_security_group_id": "sg-05a8161c1fa143b7b",
            "dhcp_options_id": "dopt-07164af7153fd9eeb",
            "enable_dns_hostnames": true,
            "enable_dns_support": true,
            "enable_network_address_usage_metrics": false,
            "id": "vpc-0c121bf60ff486bac",
            "instance_tenancy": "default",
            "ipv4_ipam_pool_id": null,
            "ipv4_netmask_length": null,
            "ipv6_association_id": "",
            "ipv6_cidr_block": "",
            "ipv6_cidr_block_network_border_group": "",
            "ipv6_ipam_pool_id": "",
            "ipv6_netmask_length": 0,
            "main_route_table_id": "rtb-0a6140f847430d123",
            "owner_id": "590183833082",
            "tags": {
              "Name": "wp_vpc"
            },
            "tags_all": {
              "Name": "wp_vpc"
            }
          },
          "sensitive_attributes": [],
          "private": "eyJzY2hlbWFfdmVyc2lvbiI6IjEifQ==",
          "create_before_destroy": true
        }
      ]
    }
  ],
  "check_results": null
}
