{
  "version": 4,
  "terraform_version": "1.7.5",
  "serial": 15,
  "lineage": "2a0f5e01-c7e6-4754-fcc9-09ad6fe9bb2d",
  "outputs": {
    "WordPress_URL": {
      "value": "44.215.72.139",
      "type": "string"
    }
  },
  "resources": [
    {
      "mode": "managed",
      "type": "aws_lightsail_instance",
      "name": "wordpress_instance",
      "provider": "provider[\"registry.terraform.io/hashicorp/aws\"]",
      "instances": [
        {
          "schema_version": 0,
          "attributes": {
            "add_on": [],
            "arn": "arn:aws:lightsail:us-east-1:590183833082:Instance/a5ad2a2d-182c-4665-8ff7-df00e8ab2055",
            "availability_zone": "us-east-1a",
            "blueprint_id": "wordpress",
            "bundle_id": "nano_2_0",
            "cpu_count": 1,
            "created_at": "2024-03-31T00:08:45Z",
            "id": "WordPressInstance",
            "ip_address_type": "dualstack",
            "ipv6_addresses": [
              "2600:1f18:5cf6:4200:878a:9d2c:b181:1d8c"
            ],
            "is_static_ip": false,
            "key_pair_name": "lightsail-20240331000835989200000001",
            "name": "WordPressInstance",
            "private_ip_address": "172.26.12.254",
            "public_ip_address": "44.215.72.139",
            "ram_size": 0.5,
            "tags": {
              "Name": "WordPressServer"
            },
            "tags_all": {
              "Name": "WordPressServer"
            },
            "user_data": null,
            "username": "bitnami"
          },
          "sensitive_attributes": [],
          "private": "bnVsbA==",
          "dependencies": [
            "aws_lightsail_key_pair.my_key_pair"
          ]
        }
      ]
    },
    {
      "mode": "managed",
      "type": "aws_lightsail_key_pair",
      "name": "my_key_pair",
      "provider": "provider[\"registry.terraform.io/hashicorp/aws\"]",
      "instances": [
        {
          "schema_version": 0,
          "attributes": {
            "arn": "arn:aws:lightsail:us-east-1:590183833082:KeyPair/26d0c9ec-16b0-40ae-8282-a37e2f27a638",
            "encrypted_fingerprint": null,
            "encrypted_private_key": null,
            "fingerprint": "71:96:a0:cf:fb:74:6d:2c:6c:9b:50:a5:b6:cf:69:f1:e6:08:88:97",
            "id": "lightsail-20240331000835989200000001",
            "name": "lightsail-20240331000835989200000001",
            "name_prefix": "lightsail-",
            "pgp_key": null,
            "private_key": "-----BEGIN RSA PRIVATE KEY-----\nMIIEpAIBAAKCAQEAkm6w0Ka8QIPtYU2gJiZrqSNBhA22Lern3E2tKguE5UCJ8mLw\neRu/Zs58K4d2KJ6/3wYqzflt87lrBfm4Pu+jIeQxa39vAjRah7J0PgExVQmwuVH5\nFc1o8AXi5rUsxRCMHsdxnPj/bj7mEncX07pYmDY0zZaKkGLO85ybGrdNQ4sHAwtL\n7727x8bxeYKOB6Hl3++0sGoJlQIv6z9fNv1+3rDuyBIiu1dNydJNJw0olj4bIiT6\n90aRw6p9WvfQcdtKq33a4M/qsuZnOy4Yq6zydXgwDogb2nX0nuFf0AfiRJfIdqRC\nYX9RhVN3K0UJpL6Uyz0SRIEPL0vCMJkjQKhFPQIDAQABAoIBAB7zPnQbidapC9dx\nLNRjcoYBaaubqlHyQKeT03H7lU9PYNjWiLVQZBg6tIwOya60PyHIj+uROOg23KQa\nsBK9W+Gh9cAe4zu4DRp5YZBpeB/dOHkzFk7BZ9izpc3VpWzRnowy45SmHHcU3FQy\nz9p0nJ0vd+GsXAVAnTVoeHAhJjeMLMIGyeMl+VKnBgC/qV3L6jsCDckVadGrPv54\nY0AmcO7JkY5iVvK1IegTJ9yqwUgzCi4TxzaaS/IV5cndF+twGHN4DroW8ceILIQW\n5l9pI2j7RfnjtD1hthWxgSQSiLtQ7wlw2j/KVcC1jU6AKm4K96vyVgj5wtFtMzCQ\nNNJ+wQECgYEA2QIrt5GGV3yG3J7MbuhavSl3kXKkruL66cia20TbNoakQIEDkZIl\nEcFOdesLznRiIEj2xl3EElDpDMYyJrC/X9a8qCP9EniNfK6adWVBRAiI2vX9FKXs\nCq1VnoKqVLxoqp6dR2AhQVA2l3ANsGTA3PHfP/FViNQL9cqzb+lMKFECgYEArL4z\ntQG9VX9cTvaM1Su/XAlCYUeeHuhX1tjzlSkHR7rXFEtFw47XOOf3+iFFLbkaQQ5L\nwFi5YGSaHUXXcidFr8YIylEVv6OnRm6l7O9Yx0yBpd+qCXoQwv8U6AJpg4Sa2tMT\njajLlzYDQkWAXmJEIule975KR/q0JNpW2mW1fy0CgYARxlO+XXUbhV+mgntMOkv0\nYokgqLtEd+MFcyD8BM/Pz4d0oRyht87BfYvnrLDy4CWJb3CHHvcIaQgtu64v7Ro/\nx178hrYb5TPxmnucUgbeg7Rx+uQX5N9IoJn6uckp16TbFNLdHcqbhu5xyQPWBuql\nLkqS+jl/U58HKus3p2xNgQKBgQCGw3wjYlALO2kQUVhdlducOb0Hl4/MHQcqHecq\nHvAHDcRtmKu8fNt7Eb1r7jjCCv5ocna2gIFeqh1xaONDs0+yaZTCAbAt6ca+M+RO\njAt+sDkU5wEIk6ov9kChIAChEfqdbL58bYsnVIQGV6Jl/9OYSOhF7raUoQmZFp1b\nlK2boQKBgQCq06Q6APjT2SleNkkx7u3E0tUCAF2x9dHwoIeVwxkoj5T5Ep09AEj4\neoEs/UgoNzMU3TemZKlj3dAogxCgg48aCofZMmRDh2JP2MolKFgnBd0fSUqMUIaA\nzdhgEDLSI3lhGqM1qWSy9oZsG2LBlV8CjjqUcle0aVs1C9uUBKpnoA==\n-----END RSA PRIVATE KEY-----",
            "public_key": "ssh-rsa ssh-rsa AAAAB3NzaC1yc2EAAAADAQABAAABAQCSbrDQprxAg+1hTaAmJmupI0GEDbYt6ufcTa0qC4TlQInyYvB5G79mznwrh3Yonr/fBirN+W3zuWsF+bg+76Mh5DFrf28CNFqHsnQ+ATFVCbC5UfkVzWjwBeLmtSzFEIwex3Gc+P9uPuYSdxfTuliYNjTNloqQYs7znJsat01DiwcDC0vvvbvHxvF5go4HoeXf77SwagmVAi/rP182/X7esO7IEiK7V03J0k0nDSiWPhsiJPr3RpHDqn1a99Bx20qrfdrgz+qy5mc7LhirrPJ1eDAOiBvadfSe4V/QB+JEl8h2pEJhf1GFU3crRQmkvpTLPRJEgQ8vS8IwmSNAqEU9 ",
            "tags": null,
            "tags_all": {}
          },
          "sensitive_attributes": [],
          "private": "bnVsbA=="
        }
      ]
    }
  ],
  "check_results": null
}
